
Microsoft Visual Studio Solution File, Format Version 12.00
# Visual Studio 15
VisualStudioVersion = 15.0.28307.329
MinimumVisualStudioVersion = 10.0.40219.1
Project("{888888A0-9F3D-457C-B088-3A5042F75D52}") = "OpenCV", "OpenCV\OpenCV.pyproj", "{3D437108-C78D-4661-859F-B105E7901CA9}"
EndProject
Global
	GlobalSection(SolutionConfigurationPlatforms) = preSolution
		Debug|Any CPU = Debug|Any CPU
		Release|Any CPU = Release|Any CPU
	EndGlobalSection
	GlobalSection(ProjectConfigurationPlatforms) = postSolution
		{3D437108-C78D-4661-859F-B105E7901CA9}.Debug|Any CPU.ActiveCfg = Debug|Any CPU
		{3D437108-C78D-4661-859F-B105E7901CA9}.Release|Any CPU.ActiveCfg = Release|Any CPU
	EndGlobalSection
	GlobalSection(SolutionProperties) = preSolution
		HideSolutionNode = FALSE
	EndGlobalSection
	GlobalSection(ExtensibilityGlobals) = postSolution
		SolutionGuid = {45779E43-F479-42E5-B847-44ABAD33AFA6}
	EndGlobalSection
EndGlobal
